# This file is autogenerated, do not edit; changes may be undone by the next 'dep ensure'.


[[projects]]
  branch = "master"
  name = "github.com/allthings/go-aws-auth"
  packages = ["."]
  revision = "692e51b054d1d2b5bfe02a3a744a7280dcaba02a"

[solve-meta]
  analyzer-name = "dep"
  analyzer-version = 1
  inputs-digest = "84722cd6f1c6c3158e98be782bafaa6aa522230812c6a8076073b04df0946854"
  solver-name = "gps-cdcl"
  solver-version = 1
